<?xml version="1.0" encoding="utf-8"?>
<Project ToolsVersion="4.0" xmlns="http://schemas.microsoft.com/developer/msbuild/2003">
  <ItemGroup>
    <Filter Include="cod4qol">
      <UniqueIdentifier>{9a8b9f41-1c47-4919-9ffa-eb8242ba3180}</UniqueIdentifier>
    </Filter>
    <Filter Include="dependencies">
      <UniqueIdentifier>{d7d9c6cd-315d-4b33-8ee5-b0911fa90287}</UniqueIdentifier>
    </Filter>
  </ItemGroup>
  <ItemGroup>
    <ClCompile Include="updater.cpp">
      <Filter>cod4qol</Filter>
    </ClCompile>
    <ClCompile Include="commands.cpp">
      <Filter>cod4qol</Filter>
    </ClCompile>
    <ClCompile Include="dllmain.cpp">
      <Filter>cod4qol</Filter>
    </ClCompile>
    <ClCompile Include="exception.cpp">
      <Filter>cod4qol</Filter>
    </ClCompile>
    <ClCompile Include="game.cpp">
      <Filter>cod4qol</Filter>
    </ClCompile>
    <ClCompile Include="hooks.cpp">
      <Filter>cod4qol</Filter>
    </ClCompile>
    <ClCompile Include="offsets.cpp">
      <Filter>cod4qol</Filter>
    </ClCompile>
    <ClCompile Include="..\include\base64\base64.cpp">
      <Filter>dependencies</Filter>
    </ClCompile>
    <ClCompile Include="..\include\zip\zip.c">
      <Filter>dependencies</Filter>
    </ClCompile>
    <ClCompile Include="..\include\crc32\crc32.cpp">
      <Filter>dependencies</Filter>
    </ClCompile>
  </ItemGroup>
  <ItemGroup>
    <ClInclude Include="commands.hpp">
      <Filter>cod4qol</Filter>
    </ClInclude>
    <ClInclude Include="CommitInfo.hpp">
      <Filter>cod4qol</Filter>
    </ClInclude>
    <ClInclude Include="defines.hpp">
      <Filter>cod4qol</Filter>
    </ClInclude>
    <ClInclude Include="exception.hpp">
      <Filter>cod4qol</Filter>
    </ClInclude>
    <ClInclude Include="game.hpp">
      <Filter>cod4qol</Filter>
    </ClInclude>
    <ClInclude Include="hooks.hpp">
      <Filter>cod4qol</Filter>
    </ClInclude>
    <ClInclude Include="offsets.hpp">
      <Filter>cod4qol</Filter>
    </ClInclude>
    <ClInclude Include="resource.h">
      <Filter>cod4qol</Filter>
    </ClInclude>
    <ClInclude Include="updater.hpp">
      <Filter>cod4qol</Filter>
    </ClInclude>
  </ItemGroup>
  <ItemGroup>
    <ResourceCompile Include="cod4qol.rc">
      <Filter>cod4qol</Filter>
    </ResourceCompile>
  </ItemGroup>
</Project>